
Microsoft Visual Studio Solution File, Format Version 12.00
# Visual Studio 14
VisualStudioVersion = 14.0.25123.0
MinimumVisualStudioVersion = 10.0.40219.1
Project("{FAE04EC0-301F-11D3-BF4B-00C04F79EFBC}") = "Singleton", "Singleton\Singleton.csproj", "{13D24161-3A24-4EB5-85B3-680E60C3169C}"
EndProject
Project("{FAE04EC0-301F-11D3-BF4B-00C04F79EFBC}") = "LazyInicialization", "LazyInicialization\LazyInicialization.csproj", "{42A43207-87A3-4F7C-826A-1666D6140F9E}"
EndProject
Project("{FAE04EC0-301F-11D3-BF4B-00C04F79EFBC}") = "SimpleFactory", "SimpleFactory\SimpleFactory.csproj", "{CDA04593-7FB4-48A3-B796-7A1F62004407}"
EndProject
Global
	GlobalSection(SolutionConfigurationPlatforms) = preSolution
		Debug|Any CPU = Debug|Any CPU
		Release|Any CPU = Release|Any CPU
	EndGlobalSection
	GlobalSection(ProjectConfigurationPlatforms) = postSolution
		{13D24161-3A24-4EB5-85B3-680E60C3169C}.Debug|Any CPU.ActiveCfg = Debug|Any CPU
		{13D24161-3A24-4EB5-85B3-680E60C3169C}.Debug|Any CPU.Build.0 = Debug|Any CPU
		{13D24161-3A24-4EB5-85B3-680E60C3169C}.Release|Any CPU.ActiveCfg = Release|Any CPU
		{13D24161-3A24-4EB5-85B3-680E60C3169C}.Release|Any CPU.Build.0 = Release|Any CPU
		{42A43207-87A3-4F7C-826A-1666D6140F9E}.Debug|Any CPU.ActiveCfg = Debug|Any CPU
		{42A43207-87A3-4F7C-826A-1666D6140F9E}.Debug|Any CPU.Build.0 = Debug|Any CPU
		{42A43207-87A3-4F7C-826A-1666D6140F9E}.Release|Any CPU.ActiveCfg = Release|Any CPU
		{42A43207-87A3-4F7C-826A-1666D6140F9E}.Release|Any CPU.Build.0 = Release|Any CPU
		{CDA04593-7FB4-48A3-B796-7A1F62004407}.Debug|Any CPU.ActiveCfg = Debug|Any CPU
		{CDA04593-7FB4-48A3-B796-7A1F62004407}.Debug|Any CPU.Build.0 = Debug|Any CPU
		{CDA04593-7FB4-48A3-B796-7A1F62004407}.Release|Any CPU.ActiveCfg = Release|Any CPU
		{CDA04593-7FB4-48A3-B796-7A1F62004407}.Release|Any CPU.Build.0 = Release|Any CPU
	EndGlobalSection
	GlobalSection(SolutionProperties) = preSolution
		HideSolutionNode = FALSE
	EndGlobalSection
EndGlobal
