
Microsoft Visual Studio Solution File, Format Version 12.00
# Visual Studio 14
VisualStudioVersion = 14.0.25420.1
MinimumVisualStudioVersion = 10.0.40219.1
Project("{FAE04EC0-301F-11D3-BF4B-00C04F79EFBC}") = "DataSourseceControl.ToDoList", "DataSourseceControl.ToDoList\DataSourseceControl.ToDoList.csproj", "{433A81B1-67D4-435A-BBCA-363A016A4617}"
EndProject
Project("{FAE04EC0-301F-11D3-BF4B-00C04F79EFBC}") = "DataSourseceControl.Web", "DataSourseceControl.Web\DataSourseceControl.Web.csproj", "{10181293-EC07-4F28-8B3C-082C8BB12878}"
EndProject
Global
	GlobalSection(SolutionConfigurationPlatforms) = preSolution
		Debug|Any CPU = Debug|Any CPU
		Release|Any CPU = Release|Any CPU
	EndGlobalSection
	GlobalSection(ProjectConfigurationPlatforms) = postSolution
		{433A81B1-67D4-435A-BBCA-363A016A4617}.Debug|Any CPU.ActiveCfg = Debug|Any CPU
		{433A81B1-67D4-435A-BBCA-363A016A4617}.Debug|Any CPU.Build.0 = Debug|Any CPU
		{433A81B1-67D4-435A-BBCA-363A016A4617}.Release|Any CPU.ActiveCfg = Release|Any CPU
		{433A81B1-67D4-435A-BBCA-363A016A4617}.Release|Any CPU.Build.0 = Release|Any CPU
		{10181293-EC07-4F28-8B3C-082C8BB12878}.Debug|Any CPU.ActiveCfg = Debug|Any CPU
		{10181293-EC07-4F28-8B3C-082C8BB12878}.Debug|Any CPU.Build.0 = Debug|Any CPU
		{10181293-EC07-4F28-8B3C-082C8BB12878}.Release|Any CPU.ActiveCfg = Release|Any CPU
		{10181293-EC07-4F28-8B3C-082C8BB12878}.Release|Any CPU.Build.0 = Release|Any CPU
	EndGlobalSection
	GlobalSection(SolutionProperties) = preSolution
		HideSolutionNode = FALSE
	EndGlobalSection
EndGlobal
