
Microsoft Visual Studio Solution File, Format Version 12.00
# Visual Studio 14
VisualStudioVersion = 14.0.22823.1
MinimumVisualStudioVersion = 10.0.40219.1
Project("{FAE04EC0-301F-11D3-BF4B-00C04F79EFBC}") = "TwoUniquesAmongDuplicates", "TwoUniquesAmongDuplicates\TwoUniquesAmongDuplicates.csproj", "{07233BDE-CFE1-4BD0-8513-57C30BBAFE1B}"
EndProject
Project("{FAE04EC0-301F-11D3-BF4B-00C04F79EFBC}") = "TwoUniquesAmongDuplicatesTestGenerator", "TwoUniquesAmongDuplicatesTestGenerator\TwoUniquesAmongDuplicatesTestGenerator.csproj", "{F0824F6C-77E6-461B-B674-897957CE0371}"
EndProject
Project("{FAE04EC0-301F-11D3-BF4B-00C04F79EFBC}") = "OneUniqueAmongDuplicates", "OneUniqueAmongDuplicates\OneUniqueAmongDuplicates.csproj", "{3CEB2393-4FCB-4D55-A383-351FB70A330A}"
EndProject
Project("{FAE04EC0-301F-11D3-BF4B-00C04F79EFBC}") = "IsPowerOf2", "IsPowerOf2\IsPowerOf2.csproj", "{BE76CBCA-0150-4CD7-966A-022AFD5A416B}"
EndProject
Project("{FAE04EC0-301F-11D3-BF4B-00C04F79EFBC}") = "XorSwap", "XorSwap\XorSwap.csproj", "{DD42882E-1391-481C-92C4-6B2E4A749CC3}"
EndProject
Project("{FAE04EC0-301F-11D3-BF4B-00C04F79EFBC}") = "DetectIfIntegersHaveOppositeSigns", "DetectIfIntegersHaveOppositeSigns\DetectIfIntegersHaveOppositeSigns.csproj", "{D6F04CD0-1414-4E62-85C7-77EDE5EBB551}"
EndProject
Project("{FAE04EC0-301F-11D3-BF4B-00C04F79EFBC}") = "NextHighestPowerOf2", "NextHighestPowerOf2\NextHighestPowerOf2.csproj", "{0543C9F7-6D2E-411A-9AE4-76D733D21852}"
EndProject
Project("{FAE04EC0-301F-11D3-BF4B-00C04F79EFBC}") = "WinningNim", "WinningNim\WinningNim.csproj", "{D887BD47-9F8E-4D4C-9260-7356A94EE738}"
EndProject
Global
	GlobalSection(SolutionConfigurationPlatforms) = preSolution
		Debug|Any CPU = Debug|Any CPU
		Release|Any CPU = Release|Any CPU
	EndGlobalSection
	GlobalSection(ProjectConfigurationPlatforms) = postSolution
		{07233BDE-CFE1-4BD0-8513-57C30BBAFE1B}.Debug|Any CPU.ActiveCfg = Debug|Any CPU
		{07233BDE-CFE1-4BD0-8513-57C30BBAFE1B}.Debug|Any CPU.Build.0 = Debug|Any CPU
		{07233BDE-CFE1-4BD0-8513-57C30BBAFE1B}.Release|Any CPU.ActiveCfg = Release|Any CPU
		{07233BDE-CFE1-4BD0-8513-57C30BBAFE1B}.Release|Any CPU.Build.0 = Release|Any CPU
		{F0824F6C-77E6-461B-B674-897957CE0371}.Debug|Any CPU.ActiveCfg = Debug|Any CPU
		{F0824F6C-77E6-461B-B674-897957CE0371}.Debug|Any CPU.Build.0 = Debug|Any CPU
		{F0824F6C-77E6-461B-B674-897957CE0371}.Release|Any CPU.ActiveCfg = Release|Any CPU
		{F0824F6C-77E6-461B-B674-897957CE0371}.Release|Any CPU.Build.0 = Release|Any CPU
		{3CEB2393-4FCB-4D55-A383-351FB70A330A}.Debug|Any CPU.ActiveCfg = Debug|Any CPU
		{3CEB2393-4FCB-4D55-A383-351FB70A330A}.Debug|Any CPU.Build.0 = Debug|Any CPU
		{3CEB2393-4FCB-4D55-A383-351FB70A330A}.Release|Any CPU.ActiveCfg = Release|Any CPU
		{3CEB2393-4FCB-4D55-A383-351FB70A330A}.Release|Any CPU.Build.0 = Release|Any CPU
		{BE76CBCA-0150-4CD7-966A-022AFD5A416B}.Debug|Any CPU.ActiveCfg = Debug|Any CPU
		{BE76CBCA-0150-4CD7-966A-022AFD5A416B}.Debug|Any CPU.Build.0 = Debug|Any CPU
		{BE76CBCA-0150-4CD7-966A-022AFD5A416B}.Release|Any CPU.ActiveCfg = Release|Any CPU
		{BE76CBCA-0150-4CD7-966A-022AFD5A416B}.Release|Any CPU.Build.0 = Release|Any CPU
		{DD42882E-1391-481C-92C4-6B2E4A749CC3}.Debug|Any CPU.ActiveCfg = Debug|Any CPU
		{DD42882E-1391-481C-92C4-6B2E4A749CC3}.Debug|Any CPU.Build.0 = Debug|Any CPU
		{DD42882E-1391-481C-92C4-6B2E4A749CC3}.Release|Any CPU.ActiveCfg = Release|Any CPU
		{DD42882E-1391-481C-92C4-6B2E4A749CC3}.Release|Any CPU.Build.0 = Release|Any CPU
		{D6F04CD0-1414-4E62-85C7-77EDE5EBB551}.Debug|Any CPU.ActiveCfg = Debug|Any CPU
		{D6F04CD0-1414-4E62-85C7-77EDE5EBB551}.Debug|Any CPU.Build.0 = Debug|Any CPU
		{D6F04CD0-1414-4E62-85C7-77EDE5EBB551}.Release|Any CPU.ActiveCfg = Release|Any CPU
		{D6F04CD0-1414-4E62-85C7-77EDE5EBB551}.Release|Any CPU.Build.0 = Release|Any CPU
		{0543C9F7-6D2E-411A-9AE4-76D733D21852}.Debug|Any CPU.ActiveCfg = Debug|Any CPU
		{0543C9F7-6D2E-411A-9AE4-76D733D21852}.Debug|Any CPU.Build.0 = Debug|Any CPU
		{0543C9F7-6D2E-411A-9AE4-76D733D21852}.Release|Any CPU.ActiveCfg = Release|Any CPU
		{0543C9F7-6D2E-411A-9AE4-76D733D21852}.Release|Any CPU.Build.0 = Release|Any CPU
		{D887BD47-9F8E-4D4C-9260-7356A94EE738}.Debug|Any CPU.ActiveCfg = Debug|Any CPU
		{D887BD47-9F8E-4D4C-9260-7356A94EE738}.Debug|Any CPU.Build.0 = Debug|Any CPU
		{D887BD47-9F8E-4D4C-9260-7356A94EE738}.Release|Any CPU.ActiveCfg = Release|Any CPU
		{D887BD47-9F8E-4D4C-9260-7356A94EE738}.Release|Any CPU.Build.0 = Release|Any CPU
	EndGlobalSection
	GlobalSection(SolutionProperties) = preSolution
		HideSolutionNode = FALSE
	EndGlobalSection
EndGlobal
