
Microsoft Visual Studio Solution File, Format Version 12.00
# Visual Studio 14
VisualStudioVersion = 14.0.25123.0
MinimumVisualStudioVersion = 10.0.40219.1
Project("{FAE04EC0-301F-11D3-BF4B-00C04F79EFBC}") = "ControlFlowConditionalStatementsLoops.Task2", "ControlFlowConditionalStatementsLoops.Task2\ControlFlowConditionalStatementsLoops.Task2.csproj", "{A7006AB7-00A8-4FD9-99A0-755AD2A9A84C}"
EndProject
Project("{FAE04EC0-301F-11D3-BF4B-00C04F79EFBC}") = "ControlFlowConditionalStatementsLoops.Task3", "ControlFlowConditionalStatementsLoops.Task3\ControlFlowConditionalStatementsLoops.Task3.csproj", "{E61654A3-2C75-4A09-9DA8-CFF6463BC567}"
EndProject
Project("{FAE04EC0-301F-11D3-BF4B-00C04F79EFBC}") = "Cooking", "Cooking\Cooking.csproj", "{6DD277C0-CB5D-415A-99D0-9801295A3D4D}"
EndProject
Global
	GlobalSection(SolutionConfigurationPlatforms) = preSolution
		Debug|Any CPU = Debug|Any CPU
		Release|Any CPU = Release|Any CPU
	EndGlobalSection
	GlobalSection(ProjectConfigurationPlatforms) = postSolution
		{A7006AB7-00A8-4FD9-99A0-755AD2A9A84C}.Debug|Any CPU.ActiveCfg = Debug|Any CPU
		{A7006AB7-00A8-4FD9-99A0-755AD2A9A84C}.Debug|Any CPU.Build.0 = Debug|Any CPU
		{A7006AB7-00A8-4FD9-99A0-755AD2A9A84C}.Release|Any CPU.ActiveCfg = Release|Any CPU
		{A7006AB7-00A8-4FD9-99A0-755AD2A9A84C}.Release|Any CPU.Build.0 = Release|Any CPU
		{E61654A3-2C75-4A09-9DA8-CFF6463BC567}.Debug|Any CPU.ActiveCfg = Debug|Any CPU
		{E61654A3-2C75-4A09-9DA8-CFF6463BC567}.Debug|Any CPU.Build.0 = Debug|Any CPU
		{E61654A3-2C75-4A09-9DA8-CFF6463BC567}.Release|Any CPU.ActiveCfg = Release|Any CPU
		{E61654A3-2C75-4A09-9DA8-CFF6463BC567}.Release|Any CPU.Build.0 = Release|Any CPU
		{6DD277C0-CB5D-415A-99D0-9801295A3D4D}.Debug|Any CPU.ActiveCfg = Debug|Any CPU
		{6DD277C0-CB5D-415A-99D0-9801295A3D4D}.Debug|Any CPU.Build.0 = Debug|Any CPU
		{6DD277C0-CB5D-415A-99D0-9801295A3D4D}.Release|Any CPU.ActiveCfg = Release|Any CPU
		{6DD277C0-CB5D-415A-99D0-9801295A3D4D}.Release|Any CPU.Build.0 = Release|Any CPU
	EndGlobalSection
	GlobalSection(SolutionProperties) = preSolution
		HideSolutionNode = FALSE
	EndGlobalSection
EndGlobal
