
Microsoft Visual Studio Solution File, Format Version 12.00
# Visual Studio 14
VisualStudioVersion = 14.0.25123.0
MinimumVisualStudioVersion = 10.0.40219.1
Project("{FAE04EC0-301F-11D3-BF4B-00C04F79EFBC}") = "OddNumbers", "OddNumbers\OddNumbers.csproj", "{81463251-C6DA-41C8-A121-D61BA6BB200C}"
EndProject
Project("{FAE04EC0-301F-11D3-BF4B-00C04F79EFBC}") = "Diameter", "Diameter\Diameter.csproj", "{3E2F5FC1-D310-415E-B16E-DCF57ED44F16}"
EndProject
Global
	GlobalSection(SolutionConfigurationPlatforms) = preSolution
		Debug|Any CPU = Debug|Any CPU
		Release|Any CPU = Release|Any CPU
	EndGlobalSection
	GlobalSection(ProjectConfigurationPlatforms) = postSolution
		{81463251-C6DA-41C8-A121-D61BA6BB200C}.Debug|Any CPU.ActiveCfg = Debug|Any CPU
		{81463251-C6DA-41C8-A121-D61BA6BB200C}.Debug|Any CPU.Build.0 = Debug|Any CPU
		{81463251-C6DA-41C8-A121-D61BA6BB200C}.Release|Any CPU.ActiveCfg = Release|Any CPU
		{81463251-C6DA-41C8-A121-D61BA6BB200C}.Release|Any CPU.Build.0 = Release|Any CPU
		{3E2F5FC1-D310-415E-B16E-DCF57ED44F16}.Debug|Any CPU.ActiveCfg = Debug|Any CPU
		{3E2F5FC1-D310-415E-B16E-DCF57ED44F16}.Debug|Any CPU.Build.0 = Debug|Any CPU
		{3E2F5FC1-D310-415E-B16E-DCF57ED44F16}.Release|Any CPU.ActiveCfg = Release|Any CPU
		{3E2F5FC1-D310-415E-B16E-DCF57ED44F16}.Release|Any CPU.Build.0 = Release|Any CPU
	EndGlobalSection
	GlobalSection(SolutionProperties) = preSolution
		HideSolutionNode = FALSE
	EndGlobalSection
EndGlobal
