
Microsoft Visual Studio Solution File, Format Version 12.00
# Visual Studio 14
VisualStudioVersion = 14.0.25123.0
MinimumVisualStudioVersion = 10.0.40219.1
Project("{FAE04EC0-301F-11D3-BF4B-00C04F79EFBC}") = "Composite", "Composite\Composite.csproj", "{DE3025DA-F1DB-4BC3-97A2-D38A7803EE53}"
EndProject
Project("{FAE04EC0-301F-11D3-BF4B-00C04F79EFBC}") = "Decorator", "Decorator\Decorator.csproj", "{E30BDF54-37FE-489E-8E0F-7233FEAEEC8F}"
EndProject
Project("{FAE04EC0-301F-11D3-BF4B-00C04F79EFBC}") = "Adapter", "Adapter\Adapter.csproj", "{3A36CA9E-13FF-4650-B9EB-26D432F350F9}"
EndProject
Global
	GlobalSection(SolutionConfigurationPlatforms) = preSolution
		Debug|Any CPU = Debug|Any CPU
		Release|Any CPU = Release|Any CPU
	EndGlobalSection
	GlobalSection(ProjectConfigurationPlatforms) = postSolution
		{DE3025DA-F1DB-4BC3-97A2-D38A7803EE53}.Debug|Any CPU.ActiveCfg = Debug|Any CPU
		{DE3025DA-F1DB-4BC3-97A2-D38A7803EE53}.Debug|Any CPU.Build.0 = Debug|Any CPU
		{DE3025DA-F1DB-4BC3-97A2-D38A7803EE53}.Release|Any CPU.ActiveCfg = Release|Any CPU
		{DE3025DA-F1DB-4BC3-97A2-D38A7803EE53}.Release|Any CPU.Build.0 = Release|Any CPU
		{E30BDF54-37FE-489E-8E0F-7233FEAEEC8F}.Debug|Any CPU.ActiveCfg = Debug|Any CPU
		{E30BDF54-37FE-489E-8E0F-7233FEAEEC8F}.Debug|Any CPU.Build.0 = Debug|Any CPU
		{E30BDF54-37FE-489E-8E0F-7233FEAEEC8F}.Release|Any CPU.ActiveCfg = Release|Any CPU
		{E30BDF54-37FE-489E-8E0F-7233FEAEEC8F}.Release|Any CPU.Build.0 = Release|Any CPU
		{3A36CA9E-13FF-4650-B9EB-26D432F350F9}.Debug|Any CPU.ActiveCfg = Debug|Any CPU
		{3A36CA9E-13FF-4650-B9EB-26D432F350F9}.Debug|Any CPU.Build.0 = Debug|Any CPU
		{3A36CA9E-13FF-4650-B9EB-26D432F350F9}.Release|Any CPU.ActiveCfg = Release|Any CPU
		{3A36CA9E-13FF-4650-B9EB-26D432F350F9}.Release|Any CPU.Build.0 = Release|Any CPU
	EndGlobalSection
	GlobalSection(SolutionProperties) = preSolution
		HideSolutionNode = FALSE
	EndGlobalSection
EndGlobal
