
Microsoft Visual Studio Solution File, Format Version 12.00
# Visual Studio 14
VisualStudioVersion = 14.0.23107.0
MinimumVisualStudioVersion = 10.0.40219.1
Project("{FAE04EC0-301F-11D3-BF4B-00C04F79EFBC}") = "01-04. Structure", "01-04. Structure\01-04. Structure.csproj", "{E673D790-AFE4-43AC-82B8-67467F554F44}"
EndProject
Project("{FAE04EC0-301F-11D3-BF4B-00C04F79EFBC}") = "DemoLiveMarto", "DemoLiveMarto\DemoLiveMarto.csproj", "{3FA2004D-3AE5-4C29-A080-B2DC3A384544}"
EndProject
Project("{FAE04EC0-301F-11D3-BF4B-00C04F79EFBC}") = "DemoGeneric", "DemoGeneric\DemoGeneric.csproj", "{5971FBE9-0B24-4D51-B7AC-BDD7D77035E8}"
EndProject
Project("{FAE04EC0-301F-11D3-BF4B-00C04F79EFBC}") = "Models", "Models\Models.csproj", "{C26E70F0-CC87-4838-A374-A132968C7876}"
EndProject
Global
	GlobalSection(SolutionConfigurationPlatforms) = preSolution
		Debug|Any CPU = Debug|Any CPU
		Release|Any CPU = Release|Any CPU
	EndGlobalSection
	GlobalSection(ProjectConfigurationPlatforms) = postSolution
		{E673D790-AFE4-43AC-82B8-67467F554F44}.Debug|Any CPU.ActiveCfg = Debug|Any CPU
		{E673D790-AFE4-43AC-82B8-67467F554F44}.Debug|Any CPU.Build.0 = Debug|Any CPU
		{E673D790-AFE4-43AC-82B8-67467F554F44}.Release|Any CPU.ActiveCfg = Release|Any CPU
		{E673D790-AFE4-43AC-82B8-67467F554F44}.Release|Any CPU.Build.0 = Release|Any CPU
		{3FA2004D-3AE5-4C29-A080-B2DC3A384544}.Debug|Any CPU.ActiveCfg = Debug|Any CPU
		{3FA2004D-3AE5-4C29-A080-B2DC3A384544}.Debug|Any CPU.Build.0 = Debug|Any CPU
		{3FA2004D-3AE5-4C29-A080-B2DC3A384544}.Release|Any CPU.ActiveCfg = Release|Any CPU
		{3FA2004D-3AE5-4C29-A080-B2DC3A384544}.Release|Any CPU.Build.0 = Release|Any CPU
		{5971FBE9-0B24-4D51-B7AC-BDD7D77035E8}.Debug|Any CPU.ActiveCfg = Debug|Any CPU
		{5971FBE9-0B24-4D51-B7AC-BDD7D77035E8}.Debug|Any CPU.Build.0 = Debug|Any CPU
		{5971FBE9-0B24-4D51-B7AC-BDD7D77035E8}.Release|Any CPU.ActiveCfg = Release|Any CPU
		{5971FBE9-0B24-4D51-B7AC-BDD7D77035E8}.Release|Any CPU.Build.0 = Release|Any CPU
		{C26E70F0-CC87-4838-A374-A132968C7876}.Debug|Any CPU.ActiveCfg = Debug|Any CPU
		{C26E70F0-CC87-4838-A374-A132968C7876}.Debug|Any CPU.Build.0 = Debug|Any CPU
		{C26E70F0-CC87-4838-A374-A132968C7876}.Release|Any CPU.ActiveCfg = Release|Any CPU
		{C26E70F0-CC87-4838-A374-A132968C7876}.Release|Any CPU.Build.0 = Release|Any CPU
	EndGlobalSection
	GlobalSection(SolutionProperties) = preSolution
		HideSolutionNode = FALSE
	EndGlobalSection
EndGlobal
