
Microsoft Visual Studio Solution File, Format Version 12.00
# Visual Studio 14
VisualStudioVersion = 14.0.25123.0
MinimumVisualStudioVersion = 10.0.40219.1
Project("{FAE04EC0-301F-11D3-BF4B-00C04F79EFBC}") = "Northwind.Tasks", "Northwind.Tasks\Northwind.Tasks.csproj", "{B4603154-361D-4851-A97E-F3C7C1BF52F2}"
EndProject
Project("{FAE04EC0-301F-11D3-BF4B-00C04F79EFBC}") = "Northwind.Data", "Northwind.Data\Northwind.Data.csproj", "{1409A42F-E3DE-417A-B004-EC88BE3E528C}"
EndProject
Project("{FAE04EC0-301F-11D3-BF4B-00C04F79EFBC}") = "Northwind.ConsoleApp", "Northwind.ConsoleApp\Northwind.ConsoleApp.csproj", "{CD6C8A01-22BB-4D9F-8CC4-36CAA8AFF43B}"
EndProject
Project("{FAE04EC0-301F-11D3-BF4B-00C04F79EFBC}") = "NorthwinTwin", "NorthwinTwin\NorthwinTwin.csproj", "{339664E4-FA2E-42D0-9AFF-C90FD998983D}"
EndProject
Global
	GlobalSection(SolutionConfigurationPlatforms) = preSolution
		Debug|Any CPU = Debug|Any CPU
		Release|Any CPU = Release|Any CPU
	EndGlobalSection
	GlobalSection(ProjectConfigurationPlatforms) = postSolution
		{B4603154-361D-4851-A97E-F3C7C1BF52F2}.Debug|Any CPU.ActiveCfg = Debug|Any CPU
		{B4603154-361D-4851-A97E-F3C7C1BF52F2}.Debug|Any CPU.Build.0 = Debug|Any CPU
		{B4603154-361D-4851-A97E-F3C7C1BF52F2}.Release|Any CPU.ActiveCfg = Release|Any CPU
		{B4603154-361D-4851-A97E-F3C7C1BF52F2}.Release|Any CPU.Build.0 = Release|Any CPU
		{1409A42F-E3DE-417A-B004-EC88BE3E528C}.Debug|Any CPU.ActiveCfg = Debug|Any CPU
		{1409A42F-E3DE-417A-B004-EC88BE3E528C}.Debug|Any CPU.Build.0 = Debug|Any CPU
		{1409A42F-E3DE-417A-B004-EC88BE3E528C}.Release|Any CPU.ActiveCfg = Release|Any CPU
		{1409A42F-E3DE-417A-B004-EC88BE3E528C}.Release|Any CPU.Build.0 = Release|Any CPU
		{CD6C8A01-22BB-4D9F-8CC4-36CAA8AFF43B}.Debug|Any CPU.ActiveCfg = Debug|Any CPU
		{CD6C8A01-22BB-4D9F-8CC4-36CAA8AFF43B}.Debug|Any CPU.Build.0 = Debug|Any CPU
		{CD6C8A01-22BB-4D9F-8CC4-36CAA8AFF43B}.Release|Any CPU.ActiveCfg = Release|Any CPU
		{CD6C8A01-22BB-4D9F-8CC4-36CAA8AFF43B}.Release|Any CPU.Build.0 = Release|Any CPU
		{339664E4-FA2E-42D0-9AFF-C90FD998983D}.Debug|Any CPU.ActiveCfg = Debug|Any CPU
		{339664E4-FA2E-42D0-9AFF-C90FD998983D}.Debug|Any CPU.Build.0 = Debug|Any CPU
		{339664E4-FA2E-42D0-9AFF-C90FD998983D}.Release|Any CPU.ActiveCfg = Release|Any CPU
		{339664E4-FA2E-42D0-9AFF-C90FD998983D}.Release|Any CPU.Build.0 = Release|Any CPU
	EndGlobalSection
	GlobalSection(SolutionProperties) = preSolution
		HideSolutionNode = FALSE
	EndGlobalSection
EndGlobal
