
Microsoft Visual Studio Solution File, Format Version 12.00
# Visual Studio 14
VisualStudioVersion = 14.0.25123.0
MinimumVisualStudioVersion = 10.0.40219.1
Project("{FAE04EC0-301F-11D3-BF4B-00C04F79EFBC}") = "01. Allocate-Array", "01. Allocate-Array\01. Allocate-Array.csproj", "{6177C786-DDCE-43E4-9321-557DA2A035E6}"
EndProject
Project("{FAE04EC0-301F-11D3-BF4B-00C04F79EFBC}") = "02. Compare-Arrays", "02. Compare-Arrays\02. Compare-Arrays.csproj", "{69ECCE64-1FB3-4EE7-A845-0682E2EFE12A}"
EndProject
Project("{FAE04EC0-301F-11D3-BF4B-00C04F79EFBC}") = "03. Compare-Char-Arrays", "03. Compare-Char-Arrays\03. Compare-Char-Arrays.csproj", "{6CC8CD2A-8B6D-446C-B961-FA3315EFB500}"
EndProject
Project("{FAE04EC0-301F-11D3-BF4B-00C04F79EFBC}") = "04. Maximal-Sequence", "04. Maximal-Sequence\04. Maximal-Sequence.csproj", "{D02105C3-E7AA-421D-82DA-805635E94C75}"
EndProject
Project("{FAE04EC0-301F-11D3-BF4B-00C04F79EFBC}") = "05. Maximal-Increasing-Sequence", "05. Maximal-Increasing-Sequence\05. Maximal-Increasing-Sequence.csproj", "{DFA8743A-9C58-4D86-BEAF-40923E892FBB}"
EndProject
Project("{FAE04EC0-301F-11D3-BF4B-00C04F79EFBC}") = "06. Maximal-K-Sum", "06. Maximal-K-Sum\06. Maximal-K-Sum.csproj", "{D11481F7-E47E-4F42-BF16-41A11EEC8884}"
EndProject
Project("{FAE04EC0-301F-11D3-BF4B-00C04F79EFBC}") = "07. Selection-Sort", "07. Selection-Sort\07. Selection-Sort.csproj", "{555C9254-BD30-48CD-928B-8F192B6FD641}"
EndProject
Project("{FAE04EC0-301F-11D3-BF4B-00C04F79EFBC}") = "08. Maximal-Sum", "08. Maximal-Sum\08. Maximal-Sum.csproj", "{C213C618-3BFF-4C46-80B5-89F27E78AF65}"
EndProject
Project("{FAE04EC0-301F-11D3-BF4B-00C04F79EFBC}") = "09. Frequent-Number", "09. Frequent-Number\09. Frequent-Number.csproj", "{4E21AD4C-3AEC-43CE-835B-5ACD7EBBD9D5}"
EndProject
Project("{FAE04EC0-301F-11D3-BF4B-00C04F79EFBC}") = "10. Find-Sum-In-Array", "10. Find-Sum-In-Array\10. Find-Sum-In-Array.csproj", "{2367DB00-0065-46A3-9889-4FCAA9752437}"
EndProject
Project("{FAE04EC0-301F-11D3-BF4B-00C04F79EFBC}") = "11. Binary-Search", "11. Binary-Search\11. Binary-Search.csproj", "{695345AC-0666-4D01-91FF-25D3BA09B290}"
EndProject
Project("{FAE04EC0-301F-11D3-BF4B-00C04F79EFBC}") = "12. Index-Of-Letters", "12. Index-Of-Letters\12. Index-Of-Letters.csproj", "{66E425C2-505D-4990-8EB1-6985ACA2FF00}"
EndProject
Project("{FAE04EC0-301F-11D3-BF4B-00C04F79EFBC}") = "13. Merge-Sort", "13. Merge-Sort\13. Merge-Sort.csproj", "{2E1B1CA3-1036-4277-852D-D0F38C6519DA}"
EndProject
Project("{FAE04EC0-301F-11D3-BF4B-00C04F79EFBC}") = "14. Quick-Sort", "14. Quick-Sort\14. Quick-Sort.csproj", "{B24A0BF5-6910-45C4-A8FC-28921EDFA28E}"
EndProject
Project("{FAE04EC0-301F-11D3-BF4B-00C04F79EFBC}") = "15. Prime-Numbers", "15. Prime-Numbers\15. Prime-Numbers.csproj", "{FC9654A4-88B3-4D67-9188-24A86BA253C2}"
EndProject
Project("{FAE04EC0-301F-11D3-BF4B-00C04F79EFBC}") = "16. Subset-With-Sum-S", "16. Subset-With-Sum-S\16. Subset-With-Sum-S.csproj", "{85EEC392-F47E-4239-8259-43EF35CEDB22}"
EndProject
Project("{FAE04EC0-301F-11D3-BF4B-00C04F79EFBC}") = "17. Subset-K-With-Sum-S", "Subset-K-With-Sum-S\17. Subset-K-With-Sum-S.csproj", "{D03A151E-00E9-4D22-9A34-57A3F5D90E89}"
EndProject
Project("{FAE04EC0-301F-11D3-BF4B-00C04F79EFBC}") = "18. Remove-Elements-From-Array", "18. Remove-Elements-From-Array\18. Remove-Elements-From-Array.csproj", "{061F845B-876C-403E-B27E-1637019B27BC}"
EndProject
Global
	GlobalSection(SolutionConfigurationPlatforms) = preSolution
		Debug|Any CPU = Debug|Any CPU
		Release|Any CPU = Release|Any CPU
	EndGlobalSection
	GlobalSection(ProjectConfigurationPlatforms) = postSolution
		{6177C786-DDCE-43E4-9321-557DA2A035E6}.Debug|Any CPU.ActiveCfg = Debug|Any CPU
		{6177C786-DDCE-43E4-9321-557DA2A035E6}.Debug|Any CPU.Build.0 = Debug|Any CPU
		{6177C786-DDCE-43E4-9321-557DA2A035E6}.Release|Any CPU.ActiveCfg = Release|Any CPU
		{6177C786-DDCE-43E4-9321-557DA2A035E6}.Release|Any CPU.Build.0 = Release|Any CPU
		{69ECCE64-1FB3-4EE7-A845-0682E2EFE12A}.Debug|Any CPU.ActiveCfg = Debug|Any CPU
		{69ECCE64-1FB3-4EE7-A845-0682E2EFE12A}.Debug|Any CPU.Build.0 = Debug|Any CPU
		{69ECCE64-1FB3-4EE7-A845-0682E2EFE12A}.Release|Any CPU.ActiveCfg = Release|Any CPU
		{69ECCE64-1FB3-4EE7-A845-0682E2EFE12A}.Release|Any CPU.Build.0 = Release|Any CPU
		{6CC8CD2A-8B6D-446C-B961-FA3315EFB500}.Debug|Any CPU.ActiveCfg = Debug|Any CPU
		{6CC8CD2A-8B6D-446C-B961-FA3315EFB500}.Debug|Any CPU.Build.0 = Debug|Any CPU
		{6CC8CD2A-8B6D-446C-B961-FA3315EFB500}.Release|Any CPU.ActiveCfg = Release|Any CPU
		{6CC8CD2A-8B6D-446C-B961-FA3315EFB500}.Release|Any CPU.Build.0 = Release|Any CPU
		{D02105C3-E7AA-421D-82DA-805635E94C75}.Debug|Any CPU.ActiveCfg = Debug|Any CPU
		{D02105C3-E7AA-421D-82DA-805635E94C75}.Debug|Any CPU.Build.0 = Debug|Any CPU
		{D02105C3-E7AA-421D-82DA-805635E94C75}.Release|Any CPU.ActiveCfg = Release|Any CPU
		{D02105C3-E7AA-421D-82DA-805635E94C75}.Release|Any CPU.Build.0 = Release|Any CPU
		{DFA8743A-9C58-4D86-BEAF-40923E892FBB}.Debug|Any CPU.ActiveCfg = Debug|Any CPU
		{DFA8743A-9C58-4D86-BEAF-40923E892FBB}.Debug|Any CPU.Build.0 = Debug|Any CPU
		{DFA8743A-9C58-4D86-BEAF-40923E892FBB}.Release|Any CPU.ActiveCfg = Release|Any CPU
		{DFA8743A-9C58-4D86-BEAF-40923E892FBB}.Release|Any CPU.Build.0 = Release|Any CPU
		{D11481F7-E47E-4F42-BF16-41A11EEC8884}.Debug|Any CPU.ActiveCfg = Debug|Any CPU
		{D11481F7-E47E-4F42-BF16-41A11EEC8884}.Debug|Any CPU.Build.0 = Debug|Any CPU
		{D11481F7-E47E-4F42-BF16-41A11EEC8884}.Release|Any CPU.ActiveCfg = Release|Any CPU
		{D11481F7-E47E-4F42-BF16-41A11EEC8884}.Release|Any CPU.Build.0 = Release|Any CPU
		{555C9254-BD30-48CD-928B-8F192B6FD641}.Debug|Any CPU.ActiveCfg = Debug|Any CPU
		{555C9254-BD30-48CD-928B-8F192B6FD641}.Debug|Any CPU.Build.0 = Debug|Any CPU
		{555C9254-BD30-48CD-928B-8F192B6FD641}.Release|Any CPU.ActiveCfg = Release|Any CPU
		{555C9254-BD30-48CD-928B-8F192B6FD641}.Release|Any CPU.Build.0 = Release|Any CPU
		{C213C618-3BFF-4C46-80B5-89F27E78AF65}.Debug|Any CPU.ActiveCfg = Debug|Any CPU
		{C213C618-3BFF-4C46-80B5-89F27E78AF65}.Debug|Any CPU.Build.0 = Debug|Any CPU
		{C213C618-3BFF-4C46-80B5-89F27E78AF65}.Release|Any CPU.ActiveCfg = Release|Any CPU
		{C213C618-3BFF-4C46-80B5-89F27E78AF65}.Release|Any CPU.Build.0 = Release|Any CPU
		{4E21AD4C-3AEC-43CE-835B-5ACD7EBBD9D5}.Debug|Any CPU.ActiveCfg = Debug|Any CPU
		{4E21AD4C-3AEC-43CE-835B-5ACD7EBBD9D5}.Debug|Any CPU.Build.0 = Debug|Any CPU
		{4E21AD4C-3AEC-43CE-835B-5ACD7EBBD9D5}.Release|Any CPU.ActiveCfg = Release|Any CPU
		{4E21AD4C-3AEC-43CE-835B-5ACD7EBBD9D5}.Release|Any CPU.Build.0 = Release|Any CPU
		{2367DB00-0065-46A3-9889-4FCAA9752437}.Debug|Any CPU.ActiveCfg = Debug|Any CPU
		{2367DB00-0065-46A3-9889-4FCAA9752437}.Debug|Any CPU.Build.0 = Debug|Any CPU
		{2367DB00-0065-46A3-9889-4FCAA9752437}.Release|Any CPU.ActiveCfg = Release|Any CPU
		{2367DB00-0065-46A3-9889-4FCAA9752437}.Release|Any CPU.Build.0 = Release|Any CPU
		{695345AC-0666-4D01-91FF-25D3BA09B290}.Debug|Any CPU.ActiveCfg = Debug|Any CPU
		{695345AC-0666-4D01-91FF-25D3BA09B290}.Debug|Any CPU.Build.0 = Debug|Any CPU
		{695345AC-0666-4D01-91FF-25D3BA09B290}.Release|Any CPU.ActiveCfg = Release|Any CPU
		{695345AC-0666-4D01-91FF-25D3BA09B290}.Release|Any CPU.Build.0 = Release|Any CPU
		{66E425C2-505D-4990-8EB1-6985ACA2FF00}.Debug|Any CPU.ActiveCfg = Debug|Any CPU
		{66E425C2-505D-4990-8EB1-6985ACA2FF00}.Debug|Any CPU.Build.0 = Debug|Any CPU
		{66E425C2-505D-4990-8EB1-6985ACA2FF00}.Release|Any CPU.ActiveCfg = Release|Any CPU
		{66E425C2-505D-4990-8EB1-6985ACA2FF00}.Release|Any CPU.Build.0 = Release|Any CPU
		{2E1B1CA3-1036-4277-852D-D0F38C6519DA}.Debug|Any CPU.ActiveCfg = Debug|Any CPU
		{2E1B1CA3-1036-4277-852D-D0F38C6519DA}.Debug|Any CPU.Build.0 = Debug|Any CPU
		{2E1B1CA3-1036-4277-852D-D0F38C6519DA}.Release|Any CPU.ActiveCfg = Release|Any CPU
		{2E1B1CA3-1036-4277-852D-D0F38C6519DA}.Release|Any CPU.Build.0 = Release|Any CPU
		{B24A0BF5-6910-45C4-A8FC-28921EDFA28E}.Debug|Any CPU.ActiveCfg = Debug|Any CPU
		{B24A0BF5-6910-45C4-A8FC-28921EDFA28E}.Debug|Any CPU.Build.0 = Debug|Any CPU
		{B24A0BF5-6910-45C4-A8FC-28921EDFA28E}.Release|Any CPU.ActiveCfg = Release|Any CPU
		{B24A0BF5-6910-45C4-A8FC-28921EDFA28E}.Release|Any CPU.Build.0 = Release|Any CPU
		{FC9654A4-88B3-4D67-9188-24A86BA253C2}.Debug|Any CPU.ActiveCfg = Debug|Any CPU
		{FC9654A4-88B3-4D67-9188-24A86BA253C2}.Debug|Any CPU.Build.0 = Debug|Any CPU
		{FC9654A4-88B3-4D67-9188-24A86BA253C2}.Release|Any CPU.ActiveCfg = Release|Any CPU
		{FC9654A4-88B3-4D67-9188-24A86BA253C2}.Release|Any CPU.Build.0 = Release|Any CPU
		{85EEC392-F47E-4239-8259-43EF35CEDB22}.Debug|Any CPU.ActiveCfg = Debug|Any CPU
		{85EEC392-F47E-4239-8259-43EF35CEDB22}.Debug|Any CPU.Build.0 = Debug|Any CPU
		{85EEC392-F47E-4239-8259-43EF35CEDB22}.Release|Any CPU.ActiveCfg = Release|Any CPU
		{85EEC392-F47E-4239-8259-43EF35CEDB22}.Release|Any CPU.Build.0 = Release|Any CPU
		{D03A151E-00E9-4D22-9A34-57A3F5D90E89}.Debug|Any CPU.ActiveCfg = Debug|Any CPU
		{D03A151E-00E9-4D22-9A34-57A3F5D90E89}.Debug|Any CPU.Build.0 = Debug|Any CPU
		{D03A151E-00E9-4D22-9A34-57A3F5D90E89}.Release|Any CPU.ActiveCfg = Release|Any CPU
		{D03A151E-00E9-4D22-9A34-57A3F5D90E89}.Release|Any CPU.Build.0 = Release|Any CPU
		{061F845B-876C-403E-B27E-1637019B27BC}.Debug|Any CPU.ActiveCfg = Debug|Any CPU
		{061F845B-876C-403E-B27E-1637019B27BC}.Debug|Any CPU.Build.0 = Debug|Any CPU
		{061F845B-876C-403E-B27E-1637019B27BC}.Release|Any CPU.ActiveCfg = Release|Any CPU
		{061F845B-876C-403E-B27E-1637019B27BC}.Release|Any CPU.Build.0 = Release|Any CPU
	EndGlobalSection
	GlobalSection(SolutionProperties) = preSolution
		HideSolutionNode = FALSE
	EndGlobalSection
EndGlobal
