
Microsoft Visual Studio Solution File, Format Version 12.00
# Visual Studio 14
VisualStudioVersion = 14.0.25123.0
MinimumVisualStudioVersion = 10.0.40219.1
Project("{FAE04EC0-301F-11D3-BF4B-00C04F79EFBC}") = "01. 2015Feb02Morning-Printing", "01. 2015Feb02Morning-Printing\01. 2015Feb02Morning-Printing.csproj", "{21518F30-D8CB-4482-872C-A943ACA46129}"
EndProject
Project("{FAE04EC0-301F-11D3-BF4B-00C04F79EFBC}") = "02. 2015Feb02Morning-TextToNumber", "02. 2015Feb02Morning-TextToNumber\02. 2015Feb02Morning-TextToNumber.csproj", "{3D4427DF-3E14-4098-849F-B3FC899E2F29}"
EndProject
Project("{FAE04EC0-301F-11D3-BF4B-00C04F79EFBC}") = "03. 2015Feb02Morning-SaddyKopper", "03. 2015Feb02Morning-SaddyKopper\03. 2015Feb02Morning-SaddyKopper.csproj", "{4D9ADA49-C255-400F-9F66-E273FE50C3C7}"
EndProject
Project("{FAE04EC0-301F-11D3-BF4B-00C04F79EFBC}") = "04. 2015Feb02Morning-Cube", "04. 2015Feb02Morning-Cube\04. 2015Feb02Morning-Cube.csproj", "{E69A0AD7-BAF8-4567-AB85-341D9B6A897E}"
EndProject
Project("{FAE04EC0-301F-11D3-BF4B-00C04F79EFBC}") = "05. 2015Feb02Morning-BitsToBits", "05. 2015Feb02Morning-BitsToBits\05. 2015Feb02Morning-BitsToBits.csproj", "{E64980C8-71DD-44DC-AEDC-D69B33F6F43D}"
EndProject
Project("{FAE04EC0-301F-11D3-BF4B-00C04F79EFBC}") = "01. 2015Feb02Evening-Money", "01. 2015Feb02Evening-Money\01. 2015Feb02Evening-Money.csproj", "{DC158FE8-0EC5-4B5E-8226-95543661FEAA}"
EndProject
Project("{FAE04EC0-301F-11D3-BF4B-00C04F79EFBC}") = "02. 2015Feb02Evening-EncodingSum", "02. 2015Feb02Evening-EncodingSum\02. 2015Feb02Evening-EncodingSum.csproj", "{9544605B-24C7-45A4-BB65-7DBB907E9223}"
EndProject
Project("{FAE04EC0-301F-11D3-BF4B-00C04F79EFBC}") = "05. 2015Feb02Evening-SequenceOfBits", "05. 2015Feb02Evening-SequenceOfBits\05. 2015Feb02Evening-SequenceOfBits.csproj", "{BB74C529-AC7C-41E5-9CDC-67D1E506AE02}"
EndProject
Project("{FAE04EC0-301F-11D3-BF4B-00C04F79EFBC}") = "04. 2015Feb02Evening-CubeThreeD", "04. 2015Feb02Evening-CubeThreeD\04. 2015Feb02Evening-CubeThreeD.csproj", "{578C19BC-BAF4-4A7E-9870-2E32C7B1D1C1}"
EndProject
Project("{FAE04EC0-301F-11D3-BF4B-00C04F79EFBC}") = "04. 2015Feb03Morning-PersianRugs", "04. 2015Feb03Morning-PersianRugs\04. 2015Feb03Morning-PersianRugs.csproj", "{4706CB68-32C8-48C9-8106-4EDB5E6DD9F9}"
EndProject
Project("{FAE04EC0-301F-11D3-BF4B-00C04F79EFBC}") = "03. 2015Feb02Evening- Maslan", "03. 2015Feb02Evening- Maslan\03. 2015Feb02Evening- Maslan.csproj", "{1EBB2DA6-6F78-4037-8504-BB4496A0B09D}"
EndProject
Project("{FAE04EC0-301F-11D3-BF4B-00C04F79EFBC}") = "03. 2015Feb03Morning-ConsoleApplication", "03. 2015Feb03Morning-ConsoleApplication\03. 2015Feb03Morning-ConsoleApplication.csproj", "{BD713952-25C9-4593-8CD8-073C3012955D}"
EndProject
Project("{FAE04EC0-301F-11D3-BF4B-00C04F79EFBC}") = "ConsoleApplication1-SecondSolution", "ConsoleApplication1-SecondSolution\ConsoleApplication1-SecondSolution.csproj", "{F600C095-C040-4EAC-90A4-6D280BB6B59B}"
EndProject
Project("{FAE04EC0-301F-11D3-BF4B-00C04F79EFBC}") = "01. 2015Feb03Morning-ThreeNumbers", "01. 2015Feb03Morning-ThreeNumbers\01. 2015Feb03Morning-ThreeNumbers.csproj", "{467B040C-57E8-4408-A335-7FEB3789D9D3}"
EndProject
Project("{FAE04EC0-301F-11D3-BF4B-00C04F79EFBC}") = "02. 2015Feb03Morning-Decoding", "02. 2015Feb03Morning-Decoding\02. 2015Feb03Morning-Decoding.csproj", "{1015502E-0D63-40A1-BBE6-5ABD2BAAF396}"
EndProject
Project("{FAE04EC0-301F-11D3-BF4B-00C04F79EFBC}") = "05. 2015Feb03Morning-SearchinBits", "05. 2015Feb03Morning-SearchinBits\05. 2015Feb03Morning-SearchinBits.csproj", "{6C290228-EFC9-4230-9F98-CF45C5B863F9}"
EndProject
Project("{FAE04EC0-301F-11D3-BF4B-00C04F79EFBC}") = "01. 2013Dec06Evening-TowFourEight", "01. 2013Dec06Evening-TowFourEight\01. 2013Dec06Evening-TowFourEight.csproj", "{1B106EC8-44D4-40C3-BACA-1EB80BC9FDDE}"
EndProject
Project("{FAE04EC0-301F-11D3-BF4B-00C04F79EFBC}") = "02.2013Dec06Evening-NigthmareOnCodeStreet", "02.2013Dec06Evening-NigthmareOnCodeStreet\02.2013Dec06Evening-NigthmareOnCodeStreet.csproj", "{B11A9CA7-A134-44CE-A60A-FE06E994C5D8}"
EndProject
Project("{FAE04EC0-301F-11D3-BF4B-00C04F79EFBC}") = "03.2013Dec06Evening-Enigma", "02.2013Dec06Evening-Enigma\03.2013Dec06Evening-Enigma.csproj", "{39D05ECE-B8AC-42E1-BD70-5D386F6D1AED}"
EndProject
Project("{FAE04EC0-301F-11D3-BF4B-00C04F79EFBC}") = "05.2013Dec06Evening-Cookies", "05.2013Dec06Evening-Cookies\05.2013Dec06Evening-Cookies.csproj", "{2CE344B2-15E9-4A5C-A250-AE3B1EA3C8D8}"
EndProject
Project("{FAE04EC0-301F-11D3-BF4B-00C04F79EFBC}") = "04. 2015Feb03Evening-ExRugs", "04. 2015Feb03Evening-ExRugs\04. 2015Feb03Evening-ExRugs.csproj", "{18981F4C-9E05-4802-A1F1-4CB06DC37795}"
EndProject
Project("{FAE04EC0-301F-11D3-BF4B-00C04F79EFBC}") = "05, 2013June23-NeuronMapping", "05, 2013June23-NeuronMapping\05, 2013June23-NeuronMapping.csproj", "{F04E287B-92AF-47DD-A3F0-88668153CA9C}"
EndProject
Project("{FAE04EC0-301F-11D3-BF4B-00C04F79EFBC}") = "TestPreparation", "TestPreparation\TestPreparation.csproj", "{EA87DD34-2F10-4D2C-915D-6BF5770AD657}"
EndProject
Project("{FAE04EC0-301F-11D3-BF4B-00C04F79EFBC}") = "CubeEvloqi", "CubeEvloqi\CubeEvloqi.csproj", "{B14A2F68-6C46-4301-987D-64DCD840938C}"
EndProject
Project("{FAE04EC0-301F-11D3-BF4B-00C04F79EFBC}") = "SaddyKopperEvlogi", "SaddyKopperEvlogi\SaddyKopperEvlogi.csproj", "{E6CC0975-8008-41EA-AD2F-A7A2D69BA5D1}"
EndProject
Project("{FAE04EC0-301F-11D3-BF4B-00C04F79EFBC}") = "BitToBitsEvlogi", "BitToBitsEvlogi\BitToBitsEvlogi.csproj", "{97793987-6D94-4F50-9E38-2E137C5E1F37}"
EndProject
Project("{2150E333-8FDC-42A3-9474-1A3956D46DE8}") = "ExamPreparationEvlogi", "ExamPreparationEvlogi", "{1E05F4DA-C077-4BD9-893A-ECF19754809A}"
EndProject
Global
	GlobalSection(SolutionConfigurationPlatforms) = preSolution
		Debug|Any CPU = Debug|Any CPU
		Release|Any CPU = Release|Any CPU
	EndGlobalSection
	GlobalSection(ProjectConfigurationPlatforms) = postSolution
		{21518F30-D8CB-4482-872C-A943ACA46129}.Debug|Any CPU.ActiveCfg = Debug|Any CPU
		{21518F30-D8CB-4482-872C-A943ACA46129}.Debug|Any CPU.Build.0 = Debug|Any CPU
		{21518F30-D8CB-4482-872C-A943ACA46129}.Release|Any CPU.ActiveCfg = Release|Any CPU
		{21518F30-D8CB-4482-872C-A943ACA46129}.Release|Any CPU.Build.0 = Release|Any CPU
		{3D4427DF-3E14-4098-849F-B3FC899E2F29}.Debug|Any CPU.ActiveCfg = Debug|Any CPU
		{3D4427DF-3E14-4098-849F-B3FC899E2F29}.Debug|Any CPU.Build.0 = Debug|Any CPU
		{3D4427DF-3E14-4098-849F-B3FC899E2F29}.Release|Any CPU.ActiveCfg = Release|Any CPU
		{3D4427DF-3E14-4098-849F-B3FC899E2F29}.Release|Any CPU.Build.0 = Release|Any CPU
		{4D9ADA49-C255-400F-9F66-E273FE50C3C7}.Debug|Any CPU.ActiveCfg = Debug|Any CPU
		{4D9ADA49-C255-400F-9F66-E273FE50C3C7}.Debug|Any CPU.Build.0 = Debug|Any CPU
		{4D9ADA49-C255-400F-9F66-E273FE50C3C7}.Release|Any CPU.ActiveCfg = Release|Any CPU
		{4D9ADA49-C255-400F-9F66-E273FE50C3C7}.Release|Any CPU.Build.0 = Release|Any CPU
		{E69A0AD7-BAF8-4567-AB85-341D9B6A897E}.Debug|Any CPU.ActiveCfg = Debug|Any CPU
		{E69A0AD7-BAF8-4567-AB85-341D9B6A897E}.Debug|Any CPU.Build.0 = Debug|Any CPU
		{E69A0AD7-BAF8-4567-AB85-341D9B6A897E}.Release|Any CPU.ActiveCfg = Release|Any CPU
		{E69A0AD7-BAF8-4567-AB85-341D9B6A897E}.Release|Any CPU.Build.0 = Release|Any CPU
		{E64980C8-71DD-44DC-AEDC-D69B33F6F43D}.Debug|Any CPU.ActiveCfg = Debug|Any CPU
		{E64980C8-71DD-44DC-AEDC-D69B33F6F43D}.Debug|Any CPU.Build.0 = Debug|Any CPU
		{E64980C8-71DD-44DC-AEDC-D69B33F6F43D}.Release|Any CPU.ActiveCfg = Release|Any CPU
		{E64980C8-71DD-44DC-AEDC-D69B33F6F43D}.Release|Any CPU.Build.0 = Release|Any CPU
		{DC158FE8-0EC5-4B5E-8226-95543661FEAA}.Debug|Any CPU.ActiveCfg = Debug|Any CPU
		{DC158FE8-0EC5-4B5E-8226-95543661FEAA}.Debug|Any CPU.Build.0 = Debug|Any CPU
		{DC158FE8-0EC5-4B5E-8226-95543661FEAA}.Release|Any CPU.ActiveCfg = Release|Any CPU
		{DC158FE8-0EC5-4B5E-8226-95543661FEAA}.Release|Any CPU.Build.0 = Release|Any CPU
		{9544605B-24C7-45A4-BB65-7DBB907E9223}.Debug|Any CPU.ActiveCfg = Debug|Any CPU
		{9544605B-24C7-45A4-BB65-7DBB907E9223}.Debug|Any CPU.Build.0 = Debug|Any CPU
		{9544605B-24C7-45A4-BB65-7DBB907E9223}.Release|Any CPU.ActiveCfg = Release|Any CPU
		{9544605B-24C7-45A4-BB65-7DBB907E9223}.Release|Any CPU.Build.0 = Release|Any CPU
		{BB74C529-AC7C-41E5-9CDC-67D1E506AE02}.Debug|Any CPU.ActiveCfg = Debug|Any CPU
		{BB74C529-AC7C-41E5-9CDC-67D1E506AE02}.Debug|Any CPU.Build.0 = Debug|Any CPU
		{BB74C529-AC7C-41E5-9CDC-67D1E506AE02}.Release|Any CPU.ActiveCfg = Release|Any CPU
		{BB74C529-AC7C-41E5-9CDC-67D1E506AE02}.Release|Any CPU.Build.0 = Release|Any CPU
		{578C19BC-BAF4-4A7E-9870-2E32C7B1D1C1}.Debug|Any CPU.ActiveCfg = Debug|Any CPU
		{578C19BC-BAF4-4A7E-9870-2E32C7B1D1C1}.Debug|Any CPU.Build.0 = Debug|Any CPU
		{578C19BC-BAF4-4A7E-9870-2E32C7B1D1C1}.Release|Any CPU.ActiveCfg = Release|Any CPU
		{578C19BC-BAF4-4A7E-9870-2E32C7B1D1C1}.Release|Any CPU.Build.0 = Release|Any CPU
		{4706CB68-32C8-48C9-8106-4EDB5E6DD9F9}.Debug|Any CPU.ActiveCfg = Debug|Any CPU
		{4706CB68-32C8-48C9-8106-4EDB5E6DD9F9}.Debug|Any CPU.Build.0 = Debug|Any CPU
		{4706CB68-32C8-48C9-8106-4EDB5E6DD9F9}.Release|Any CPU.ActiveCfg = Release|Any CPU
		{4706CB68-32C8-48C9-8106-4EDB5E6DD9F9}.Release|Any CPU.Build.0 = Release|Any CPU
		{1EBB2DA6-6F78-4037-8504-BB4496A0B09D}.Debug|Any CPU.ActiveCfg = Debug|Any CPU
		{1EBB2DA6-6F78-4037-8504-BB4496A0B09D}.Debug|Any CPU.Build.0 = Debug|Any CPU
		{1EBB2DA6-6F78-4037-8504-BB4496A0B09D}.Release|Any CPU.ActiveCfg = Release|Any CPU
		{1EBB2DA6-6F78-4037-8504-BB4496A0B09D}.Release|Any CPU.Build.0 = Release|Any CPU
		{BD713952-25C9-4593-8CD8-073C3012955D}.Debug|Any CPU.ActiveCfg = Debug|Any CPU
		{BD713952-25C9-4593-8CD8-073C3012955D}.Debug|Any CPU.Build.0 = Debug|Any CPU
		{BD713952-25C9-4593-8CD8-073C3012955D}.Release|Any CPU.ActiveCfg = Release|Any CPU
		{BD713952-25C9-4593-8CD8-073C3012955D}.Release|Any CPU.Build.0 = Release|Any CPU
		{F600C095-C040-4EAC-90A4-6D280BB6B59B}.Debug|Any CPU.ActiveCfg = Debug|Any CPU
		{F600C095-C040-4EAC-90A4-6D280BB6B59B}.Debug|Any CPU.Build.0 = Debug|Any CPU
		{F600C095-C040-4EAC-90A4-6D280BB6B59B}.Release|Any CPU.ActiveCfg = Release|Any CPU
		{F600C095-C040-4EAC-90A4-6D280BB6B59B}.Release|Any CPU.Build.0 = Release|Any CPU
		{467B040C-57E8-4408-A335-7FEB3789D9D3}.Debug|Any CPU.ActiveCfg = Debug|Any CPU
		{467B040C-57E8-4408-A335-7FEB3789D9D3}.Debug|Any CPU.Build.0 = Debug|Any CPU
		{467B040C-57E8-4408-A335-7FEB3789D9D3}.Release|Any CPU.ActiveCfg = Release|Any CPU
		{467B040C-57E8-4408-A335-7FEB3789D9D3}.Release|Any CPU.Build.0 = Release|Any CPU
		{1015502E-0D63-40A1-BBE6-5ABD2BAAF396}.Debug|Any CPU.ActiveCfg = Debug|Any CPU
		{1015502E-0D63-40A1-BBE6-5ABD2BAAF396}.Debug|Any CPU.Build.0 = Debug|Any CPU
		{1015502E-0D63-40A1-BBE6-5ABD2BAAF396}.Release|Any CPU.ActiveCfg = Release|Any CPU
		{1015502E-0D63-40A1-BBE6-5ABD2BAAF396}.Release|Any CPU.Build.0 = Release|Any CPU
		{6C290228-EFC9-4230-9F98-CF45C5B863F9}.Debug|Any CPU.ActiveCfg = Debug|Any CPU
		{6C290228-EFC9-4230-9F98-CF45C5B863F9}.Debug|Any CPU.Build.0 = Debug|Any CPU
		{6C290228-EFC9-4230-9F98-CF45C5B863F9}.Release|Any CPU.ActiveCfg = Release|Any CPU
		{6C290228-EFC9-4230-9F98-CF45C5B863F9}.Release|Any CPU.Build.0 = Release|Any CPU
		{1B106EC8-44D4-40C3-BACA-1EB80BC9FDDE}.Debug|Any CPU.ActiveCfg = Debug|Any CPU
		{1B106EC8-44D4-40C3-BACA-1EB80BC9FDDE}.Debug|Any CPU.Build.0 = Debug|Any CPU
		{1B106EC8-44D4-40C3-BACA-1EB80BC9FDDE}.Release|Any CPU.ActiveCfg = Release|Any CPU
		{1B106EC8-44D4-40C3-BACA-1EB80BC9FDDE}.Release|Any CPU.Build.0 = Release|Any CPU
		{B11A9CA7-A134-44CE-A60A-FE06E994C5D8}.Debug|Any CPU.ActiveCfg = Debug|Any CPU
		{B11A9CA7-A134-44CE-A60A-FE06E994C5D8}.Debug|Any CPU.Build.0 = Debug|Any CPU
		{B11A9CA7-A134-44CE-A60A-FE06E994C5D8}.Release|Any CPU.ActiveCfg = Release|Any CPU
		{B11A9CA7-A134-44CE-A60A-FE06E994C5D8}.Release|Any CPU.Build.0 = Release|Any CPU
		{39D05ECE-B8AC-42E1-BD70-5D386F6D1AED}.Debug|Any CPU.ActiveCfg = Debug|Any CPU
		{39D05ECE-B8AC-42E1-BD70-5D386F6D1AED}.Debug|Any CPU.Build.0 = Debug|Any CPU
		{39D05ECE-B8AC-42E1-BD70-5D386F6D1AED}.Release|Any CPU.ActiveCfg = Release|Any CPU
		{39D05ECE-B8AC-42E1-BD70-5D386F6D1AED}.Release|Any CPU.Build.0 = Release|Any CPU
		{2CE344B2-15E9-4A5C-A250-AE3B1EA3C8D8}.Debug|Any CPU.ActiveCfg = Debug|Any CPU
		{2CE344B2-15E9-4A5C-A250-AE3B1EA3C8D8}.Debug|Any CPU.Build.0 = Debug|Any CPU
		{2CE344B2-15E9-4A5C-A250-AE3B1EA3C8D8}.Release|Any CPU.ActiveCfg = Release|Any CPU
		{2CE344B2-15E9-4A5C-A250-AE3B1EA3C8D8}.Release|Any CPU.Build.0 = Release|Any CPU
		{18981F4C-9E05-4802-A1F1-4CB06DC37795}.Debug|Any CPU.ActiveCfg = Debug|Any CPU
		{18981F4C-9E05-4802-A1F1-4CB06DC37795}.Debug|Any CPU.Build.0 = Debug|Any CPU
		{18981F4C-9E05-4802-A1F1-4CB06DC37795}.Release|Any CPU.ActiveCfg = Release|Any CPU
		{18981F4C-9E05-4802-A1F1-4CB06DC37795}.Release|Any CPU.Build.0 = Release|Any CPU
		{F04E287B-92AF-47DD-A3F0-88668153CA9C}.Debug|Any CPU.ActiveCfg = Debug|Any CPU
		{F04E287B-92AF-47DD-A3F0-88668153CA9C}.Debug|Any CPU.Build.0 = Debug|Any CPU
		{F04E287B-92AF-47DD-A3F0-88668153CA9C}.Release|Any CPU.ActiveCfg = Release|Any CPU
		{F04E287B-92AF-47DD-A3F0-88668153CA9C}.Release|Any CPU.Build.0 = Release|Any CPU
		{EA87DD34-2F10-4D2C-915D-6BF5770AD657}.Debug|Any CPU.ActiveCfg = Debug|Any CPU
		{EA87DD34-2F10-4D2C-915D-6BF5770AD657}.Debug|Any CPU.Build.0 = Debug|Any CPU
		{EA87DD34-2F10-4D2C-915D-6BF5770AD657}.Release|Any CPU.ActiveCfg = Release|Any CPU
		{EA87DD34-2F10-4D2C-915D-6BF5770AD657}.Release|Any CPU.Build.0 = Release|Any CPU
		{B14A2F68-6C46-4301-987D-64DCD840938C}.Debug|Any CPU.ActiveCfg = Debug|Any CPU
		{B14A2F68-6C46-4301-987D-64DCD840938C}.Debug|Any CPU.Build.0 = Debug|Any CPU
		{B14A2F68-6C46-4301-987D-64DCD840938C}.Release|Any CPU.ActiveCfg = Release|Any CPU
		{B14A2F68-6C46-4301-987D-64DCD840938C}.Release|Any CPU.Build.0 = Release|Any CPU
		{E6CC0975-8008-41EA-AD2F-A7A2D69BA5D1}.Debug|Any CPU.ActiveCfg = Debug|Any CPU
		{E6CC0975-8008-41EA-AD2F-A7A2D69BA5D1}.Debug|Any CPU.Build.0 = Debug|Any CPU
		{E6CC0975-8008-41EA-AD2F-A7A2D69BA5D1}.Release|Any CPU.ActiveCfg = Release|Any CPU
		{E6CC0975-8008-41EA-AD2F-A7A2D69BA5D1}.Release|Any CPU.Build.0 = Release|Any CPU
		{97793987-6D94-4F50-9E38-2E137C5E1F37}.Debug|Any CPU.ActiveCfg = Debug|Any CPU
		{97793987-6D94-4F50-9E38-2E137C5E1F37}.Debug|Any CPU.Build.0 = Debug|Any CPU
		{97793987-6D94-4F50-9E38-2E137C5E1F37}.Release|Any CPU.ActiveCfg = Release|Any CPU
		{97793987-6D94-4F50-9E38-2E137C5E1F37}.Release|Any CPU.Build.0 = Release|Any CPU
	EndGlobalSection
	GlobalSection(SolutionProperties) = preSolution
		HideSolutionNode = FALSE
	EndGlobalSection
	GlobalSection(NestedProjects) = preSolution
		{B14A2F68-6C46-4301-987D-64DCD840938C} = {1E05F4DA-C077-4BD9-893A-ECF19754809A}
		{E6CC0975-8008-41EA-AD2F-A7A2D69BA5D1} = {1E05F4DA-C077-4BD9-893A-ECF19754809A}
		{97793987-6D94-4F50-9E38-2E137C5E1F37} = {1E05F4DA-C077-4BD9-893A-ECF19754809A}
	EndGlobalSection
EndGlobal
